# THIS IS AN AUTOGENERATED FILE. DO NOT EDIT THIS FILE DIRECTLY.
# yarn lockfile v1


"@types/screeps@^3.0.0":
  version "3.0.0"
  resolved "https://registry.yarnpkg.com/@types/screeps/-/screeps-3.0.0.tgz#53e11cfd0d6a9de9ac32de3d3a215a4b43da9f38"
  integrity sha512-mQRpLIAqBopoy20ecR8f0Z5j4Y2UpcIhMd9KbKlWqO3anrxUmasc75C910X7OAzJtl4A71/nsTk7XfRa+Gw3Hw==
